
Microsoft Visual Studio Solution File, Format Version 12.00
# Visual Studio Version 17
VisualStudioVersion = 17.8.34525.116
MinimumVisualStudioVersion = 10.0.40219.1
Project("{9A19103F-16F7-4668-BE54-9A1E7A4F7556}") = "IntraUmbracoProject", "IntraUmbracoProject\IntraUmbracoProject.csproj", "{AB9D3F2D-166D-43E7-839D-D983CEF86C7F}"
EndProject
Project("{FAE04EC0-301F-11D3-BF4B-00C04F79EFBC}") = "IntraUmbracoProject.Tests", "IntraUmbracoProject.Tests\IntraUmbracoProject.Tests.csproj", "{978095E4-8979-40EF-812C-CF24B1D1034F}"
EndProject
Global
	GlobalSection(SolutionConfigurationPlatforms) = preSolution
		Debug|Any CPU = Debug|Any CPU
		Release|Any CPU = Release|Any CPU
	EndGlobalSection
	GlobalSection(ProjectConfigurationPlatforms) = postSolution
		{AB9D3F2D-166D-43E7-839D-D983CEF86C7F}.Debug|Any CPU.ActiveCfg = Debug|Any CPU
		{AB9D3F2D-166D-43E7-839D-D983CEF86C7F}.Debug|Any CPU.Build.0 = Debug|Any CPU
		{AB9D3F2D-166D-43E7-839D-D983CEF86C7F}.Release|Any CPU.ActiveCfg = Release|Any CPU
		{AB9D3F2D-166D-43E7-839D-D983CEF86C7F}.Release|Any CPU.Build.0 = Release|Any CPU
		{978095E4-8979-40EF-812C-CF24B1D1034F}.Debug|Any CPU.ActiveCfg = Debug|Any CPU
		{978095E4-8979-40EF-812C-CF24B1D1034F}.Debug|Any CPU.Build.0 = Debug|Any CPU
		{978095E4-8979-40EF-812C-CF24B1D1034F}.Release|Any CPU.ActiveCfg = Release|Any CPU
		{978095E4-8979-40EF-812C-CF24B1D1034F}.Release|Any CPU.Build.0 = Release|Any CPU
	EndGlobalSection
	GlobalSection(SolutionProperties) = preSolution
		HideSolutionNode = FALSE
	EndGlobalSection
	GlobalSection(ExtensibilityGlobals) = postSolution
		SolutionGuid = {4EF76CAC-F8EB-4EC9-AD45-569212C85519}
	EndGlobalSection
EndGlobal
